
Microsoft Visual Studio Solution File, Format Version 12.00
# Visual Studio 15
VisualStudioVersion = 15.0.26730.15
MinimumVisualStudioVersion = 10.0.40219.1
Project("{2150E333-8FDC-42A3-9474-1A3956D46DE8}") = "src", "src", "{9B2AE124-6636-4DE9-83A3-70360DABD0C4}"
EndProject
Project("{2150E333-8FDC-42A3-9474-1A3956D46DE8}") = "test", "test", "{C09CDAB0-6DD4-46E9-B7F3-3EF2A4741EA0}"
EndProject
Project("{2150E333-8FDC-42A3-9474-1A3956D46DE8}") = "Solution Items", "Solution Items", "{57A8A8E5-5715-41BF-A0A6-46B819933FBC}"
	ProjectSection(SolutionItems) = preProject
		.gitignore = .gitignore
		.travis.yml = .travis.yml
		appveyor.yml = appveyor.yml
		.github\ISSUE_TEMPLATE = .github\ISSUE_TEMPLATE
		LICENSE.txt = LICENSE.txt
		README.md = README.md
		README.zh-cn.md = README.zh-cn.md
	EndProjectSection
EndProject
Project("{9A19103F-16F7-4668-BE54-9A1E7A4F7556}") = "DotNetCore.CAP", "src\DotNetCore.CAP\DotNetCore.CAP.csproj", "{E8AF8611-0EA4-4B19-BC48-87C57A87DC66}"
EndProject
Project("{2150E333-8FDC-42A3-9474-1A3956D46DE8}") = "samples", "samples", "{3A6B6931-A123-477A-9469-8B468B5385AF}"
EndProject
Project("{9A19103F-16F7-4668-BE54-9A1E7A4F7556}") = "DotNetCore.CAP.Kafka", "src\DotNetCore.CAP.Kafka\DotNetCore.CAP.Kafka.csproj", "{C42CDE33-0878-4BA0-96F2-4CB7C8FDEAAD}"
EndProject
Project("{9A19103F-16F7-4668-BE54-9A1E7A4F7556}") = "DotNetCore.CAP.RabbitMQ", "src\DotNetCore.CAP.RabbitMQ\DotNetCore.CAP.RabbitMQ.csproj", "{9961B80E-0718-4280-B2A0-271B003DE26B}"
EndProject
Project("{2150E333-8FDC-42A3-9474-1A3956D46DE8}") = "build", "build", "{10C0818D-9160-4B80-BB86-DDE925B64D43}"
	ProjectSection(SolutionItems) = preProject
		build.cake = build.cake
		build.ps1 = build.ps1
		build.sh = build.sh
		Directory.Build.props = Directory.Build.props
		build\index.cake = build\index.cake
		build\util.cake = build\util.cake
		build\version.cake = build\version.cake
		build\version.props = build\version.props
	EndProjectSection
EndProject
Project("{9A19103F-16F7-4668-BE54-9A1E7A4F7556}") = "DotNetCore.CAP.Test", "test\DotNetCore.CAP.Test\DotNetCore.CAP.Test.csproj", "{F608B509-A99B-4AC7-8227-42051DD4A578}"
EndProject
Project("{9A19103F-16F7-4668-BE54-9A1E7A4F7556}") = "DotNetCore.CAP.SqlServer", "src\DotNetCore.CAP.SqlServer\DotNetCore.CAP.SqlServer.csproj", "{3B577468-6792-4EF1-9237-15180B176A24}"
EndProject
Project("{9A19103F-16F7-4668-BE54-9A1E7A4F7556}") = "DotNetCore.CAP.SqlServer.Test", "test\DotNetCore.CAP.SqlServer.Test\DotNetCore.CAP.SqlServer.Test.csproj", "{DA00FA38-C4B9-4F55-8756-D480FBC1084F}"
EndProject
Project("{9A19103F-16F7-4668-BE54-9A1E7A4F7556}") = "DotNetCore.CAP.MySql", "src\DotNetCore.CAP.MySql\DotNetCore.CAP.MySql.csproj", "{FA15685A-778A-4D2A-A2FE-27FAD2FFA65B}"
EndProject
Project("{9A19103F-16F7-4668-BE54-9A1E7A4F7556}") = "DotNetCore.CAP.MySql.Test", "test\DotNetCore.CAP.MySql.Test\DotNetCore.CAP.MySql.Test.csproj", "{80A84F62-1558-427B-BA74-B47AA8A665B5}"
EndProject
Project("{9A19103F-16F7-4668-BE54-9A1E7A4F7556}") = "Sample.RabbitMQ.MySql", "samples\Sample.RabbitMQ.MySql\Sample.RabbitMQ.MySql.csproj", "{9F3F9BFE-7B6A-4A7A-A6E6-8B517D611873}"
EndProject
Project("{9A19103F-16F7-4668-BE54-9A1E7A4F7556}") = "DotNetCore.CAP.PostgreSql", "src\DotNetCore.CAP.PostgreSql\DotNetCore.CAP.PostgreSql.csproj", "{82C403AB-ED68-4084-9A1D-11334F9F08F9}"
EndProject
Project("{9A19103F-16F7-4668-BE54-9A1E7A4F7556}") = "DotNetCore.CAP.PostgreSql.Test", "test\DotNetCore.CAP.PostgreSql.Test\DotNetCore.CAP.PostgreSql.Test.csproj", "{7CA3625D-1817-4695-881D-7E79A1E1DED2}"
EndProject
Project("{9A19103F-16F7-4668-BE54-9A1E7A4F7556}") = "DotNetCore.CAP.MongoDB.Test", "test\DotNetCore.CAP.MongoDB.Test\DotNetCore.CAP.MongoDB.Test.csproj", "{C143FCDF-E7F3-46F8-987E-A1BA38C1639D}"
EndProject
Project("{9A19103F-16F7-4668-BE54-9A1E7A4F7556}") = "DotNetCore.CAP.MongoDB", "src\DotNetCore.CAP.MongoDB\DotNetCore.CAP.MongoDB.csproj", "{77C0AC02-C44B-49D5-B969-7D5305FC20A5}"
EndProject
Project("{9A19103F-16F7-4668-BE54-9A1E7A4F7556}") = "Sample.RabbitMQ.MongoDB", "samples\Sample.RabbitMQ.MongoDB\Sample.RabbitMQ.MongoDB.csproj", "{4473DE19-E8D2-4B57-80A8-C8AAA2BFA20F}"
EndProject
Project("{9A19103F-16F7-4668-BE54-9A1E7A4F7556}") = "Sample.Kafka.MySql", "samples\Sample.Kafka.MySql\Sample.Kafka.MySql.csproj", "{11563D1A-27CC-45CF-8C04-C16BCC21250A}"
EndProject
Project("{9A19103F-16F7-4668-BE54-9A1E7A4F7556}") = "DotNetCore.CAP.AzureServiceBus", "src\DotNetCore.CAP.AzureServiceBus\DotNetCore.CAP.AzureServiceBus.csproj", "{63B2A464-FBEA-42FB-8EFA-98AFA39FC920}"
EndProject
Project("{9A19103F-16F7-4668-BE54-9A1E7A4F7556}") = "DotNetCore.CAP.InMemoryStorage", "src\DotNetCore.CAP.InMemoryStorage\DotNetCore.CAP.InMemoryStorage.csproj", "{58B6E829-C6C8-457C-9DD0-C600650254DF}"
EndProject
Project("{9A19103F-16F7-4668-BE54-9A1E7A4F7556}") = "Sample.AzureServiceBus.InMemory", "samples\Sample.AzureServiceBus.InMemory\Sample.AzureServiceBus.InMemory.csproj", "{1E1E959C-3D0E-45C3-ABCA-DAAACE68AAB8}"
EndProject
Project("{FAE04EC0-301F-11D3-BF4B-00C04F79EFBC}") = "DotNetCore.CAP.CastleCoreTest", "test\DotNetCore.CAP.CastleCoreTest\DotNetCore.CAP.CastleCoreTest.csproj", "{BA499B87-77A9-43A2-98A3-89ECF5034E26}"
EndProject
Global
	GlobalSection(SolutionConfigurationPlatforms) = preSolution
		Debug|Any CPU = Debug|Any CPU
		Release|Any CPU = Release|Any CPU
	EndGlobalSection
	GlobalSection(ProjectConfigurationPlatforms) = postSolution
		{E8AF8611-0EA4-4B19-BC48-87C57A87DC66}.Debug|Any CPU.ActiveCfg = Debug|Any CPU
		{E8AF8611-0EA4-4B19-BC48-87C57A87DC66}.Debug|Any CPU.Build.0 = Debug|Any CPU
		{E8AF8611-0EA4-4B19-BC48-87C57A87DC66}.Release|Any CPU.ActiveCfg = Release|Any CPU
		{E8AF8611-0EA4-4B19-BC48-87C57A87DC66}.Release|Any CPU.Build.0 = Release|Any CPU
		{C42CDE33-0878-4BA0-96F2-4CB7C8FDEAAD}.Debug|Any CPU.ActiveCfg = Debug|Any CPU
		{C42CDE33-0878-4BA0-96F2-4CB7C8FDEAAD}.Debug|Any CPU.Build.0 = Debug|Any CPU
		{C42CDE33-0878-4BA0-96F2-4CB7C8FDEAAD}.Release|Any CPU.ActiveCfg = Release|Any CPU
		{C42CDE33-0878-4BA0-96F2-4CB7C8FDEAAD}.Release|Any CPU.Build.0 = Release|Any CPU
		{9961B80E-0718-4280-B2A0-271B003DE26B}.Debug|Any CPU.ActiveCfg = Debug|Any CPU
		{9961B80E-0718-4280-B2A0-271B003DE26B}.Debug|Any CPU.Build.0 = Debug|Any CPU
		{9961B80E-0718-4280-B2A0-271B003DE26B}.Release|Any CPU.ActiveCfg = Release|Any CPU
		{9961B80E-0718-4280-B2A0-271B003DE26B}.Release|Any CPU.Build.0 = Release|Any CPU
		{F608B509-A99B-4AC7-8227-42051DD4A578}.Debug|Any CPU.ActiveCfg = Debug|Any CPU
		{F608B509-A99B-4AC7-8227-42051DD4A578}.Debug|Any CPU.Build.0 = Debug|Any CPU
		{F608B509-A99B-4AC7-8227-42051DD4A578}.Release|Any CPU.ActiveCfg = Release|Any CPU
		{3B577468-6792-4EF1-9237-15180B176A24}.Debug|Any CPU.ActiveCfg = Debug|Any CPU
		{3B577468-6792-4EF1-9237-15180B176A24}.Debug|Any CPU.Build.0 = Debug|Any CPU
		{3B577468-6792-4EF1-9237-15180B176A24}.Release|Any CPU.ActiveCfg = Release|Any CPU
		{3B577468-6792-4EF1-9237-15180B176A24}.Release|Any CPU.Build.0 = Release|Any CPU
		{DA00FA38-C4B9-4F55-8756-D480FBC1084F}.Debug|Any CPU.ActiveCfg = Debug|Any CPU
		{DA00FA38-C4B9-4F55-8756-D480FBC1084F}.Debug|Any CPU.Build.0 = Debug|Any CPU
		{DA00FA38-C4B9-4F55-8756-D480FBC1084F}.Release|Any CPU.ActiveCfg = Release|Any CPU
		{DA00FA38-C4B9-4F55-8756-D480FBC1084F}.Release|Any CPU.Build.0 = Release|Any CPU
		{FA15685A-778A-4D2A-A2FE-27FAD2FFA65B}.Debug|Any CPU.ActiveCfg = Debug|Any CPU
		{FA15685A-778A-4D2A-A2FE-27FAD2FFA65B}.Debug|Any CPU.Build.0 = Debug|Any CPU
		{FA15685A-778A-4D2A-A2FE-27FAD2FFA65B}.Release|Any CPU.ActiveCfg = Release|Any CPU
		{FA15685A-778A-4D2A-A2FE-27FAD2FFA65B}.Release|Any CPU.Build.0 = Release|Any CPU
		{80A84F62-1558-427B-BA74-B47AA8A665B5}.Debug|Any CPU.ActiveCfg = Debug|Any CPU
		{80A84F62-1558-427B-BA74-B47AA8A665B5}.Debug|Any CPU.Build.0 = Debug|Any CPU
		{80A84F62-1558-427B-BA74-B47AA8A665B5}.Release|Any CPU.ActiveCfg = Release|Any CPU
		{80A84F62-1558-427B-BA74-B47AA8A665B5}.Release|Any CPU.Build.0 = Release|Any CPU
		{9F3F9BFE-7B6A-4A7A-A6E6-8B517D611873}.Debug|Any CPU.ActiveCfg = Debug|Any CPU
		{9F3F9BFE-7B6A-4A7A-A6E6-8B517D611873}.Release|Any CPU.ActiveCfg = Release|Any CPU
		{9F3F9BFE-7B6A-4A7A-A6E6-8B517D611873}.Release|Any CPU.Build.0 = Release|Any CPU
		{82C403AB-ED68-4084-9A1D-11334F9F08F9}.Debug|Any CPU.ActiveCfg = Debug|Any CPU
		{82C403AB-ED68-4084-9A1D-11334F9F08F9}.Debug|Any CPU.Build.0 = Debug|Any CPU
		{82C403AB-ED68-4084-9A1D-11334F9F08F9}.Release|Any CPU.ActiveCfg = Release|Any CPU
		{82C403AB-ED68-4084-9A1D-11334F9F08F9}.Release|Any CPU.Build.0 = Release|Any CPU
		{7CA3625D-1817-4695-881D-7E79A1E1DED2}.Debug|Any CPU.ActiveCfg = Debug|Any CPU
		{7CA3625D-1817-4695-881D-7E79A1E1DED2}.Debug|Any CPU.Build.0 = Debug|Any CPU
		{7CA3625D-1817-4695-881D-7E79A1E1DED2}.Release|Any CPU.ActiveCfg = Release|Any CPU
		{7CA3625D-1817-4695-881D-7E79A1E1DED2}.Release|Any CPU.Build.0 = Release|Any CPU
		{C143FCDF-E7F3-46F8-987E-A1BA38C1639D}.Debug|Any CPU.ActiveCfg = Debug|Any CPU
		{C143FCDF-E7F3-46F8-987E-A1BA38C1639D}.Debug|Any CPU.Build.0 = Debug|Any CPU
		{C143FCDF-E7F3-46F8-987E-A1BA38C1639D}.Release|Any CPU.ActiveCfg = Release|Any CPU
		{C143FCDF-E7F3-46F8-987E-A1BA38C1639D}.Release|Any CPU.Build.0 = Release|Any CPU
		{77C0AC02-C44B-49D5-B969-7D5305FC20A5}.Debug|Any CPU.ActiveCfg = Debug|Any CPU
		{77C0AC02-C44B-49D5-B969-7D5305FC20A5}.Debug|Any CPU.Build.0 = Debug|Any CPU
		{77C0AC02-C44B-49D5-B969-7D5305FC20A5}.Release|Any CPU.ActiveCfg = Release|Any CPU
		{77C0AC02-C44B-49D5-B969-7D5305FC20A5}.Release|Any CPU.Build.0 = Release|Any CPU
		{4473DE19-E8D2-4B57-80A8-C8AAA2BFA20F}.Debug|Any CPU.ActiveCfg = Debug|Any CPU
		{4473DE19-E8D2-4B57-80A8-C8AAA2BFA20F}.Release|Any CPU.ActiveCfg = Release|Any CPU
		{4473DE19-E8D2-4B57-80A8-C8AAA2BFA20F}.Release|Any CPU.Build.0 = Release|Any CPU
		{11563D1A-27CC-45CF-8C04-C16BCC21250A}.Debug|Any CPU.ActiveCfg = Debug|Any CPU
		{11563D1A-27CC-45CF-8C04-C16BCC21250A}.Release|Any CPU.ActiveCfg = Release|Any CPU
		{11563D1A-27CC-45CF-8C04-C16BCC21250A}.Release|Any CPU.Build.0 = Release|Any CPU
		{63B2A464-FBEA-42FB-8EFA-98AFA39FC920}.Debug|Any CPU.ActiveCfg = Debug|Any CPU
		{63B2A464-FBEA-42FB-8EFA-98AFA39FC920}.Debug|Any CPU.Build.0 = Debug|Any CPU
		{63B2A464-FBEA-42FB-8EFA-98AFA39FC920}.Release|Any CPU.ActiveCfg = Release|Any CPU
		{63B2A464-FBEA-42FB-8EFA-98AFA39FC920}.Release|Any CPU.Build.0 = Release|Any CPU
		{58B6E829-C6C8-457C-9DD0-C600650254DF}.Debug|Any CPU.ActiveCfg = Debug|Any CPU
		{58B6E829-C6C8-457C-9DD0-C600650254DF}.Debug|Any CPU.Build.0 = Debug|Any CPU
		{58B6E829-C6C8-457C-9DD0-C600650254DF}.Release|Any CPU.ActiveCfg = Release|Any CPU
		{58B6E829-C6C8-457C-9DD0-C600650254DF}.Release|Any CPU.Build.0 = Release|Any CPU
		{1E1E959C-3D0E-45C3-ABCA-DAAACE68AAB8}.Debug|Any CPU.ActiveCfg = Debug|Any CPU
		{1E1E959C-3D0E-45C3-ABCA-DAAACE68AAB8}.Debug|Any CPU.Build.0 = Debug|Any CPU
		{1E1E959C-3D0E-45C3-ABCA-DAAACE68AAB8}.Release|Any CPU.ActiveCfg = Release|Any CPU
		{1E1E959C-3D0E-45C3-ABCA-DAAACE68AAB8}.Release|Any CPU.Build.0 = Release|Any CPU
		{BA499B87-77A9-43A2-98A3-89ECF5034E26}.Debug|Any CPU.ActiveCfg = Debug|Any CPU
		{BA499B87-77A9-43A2-98A3-89ECF5034E26}.Debug|Any CPU.Build.0 = Debug|Any CPU
		{BA499B87-77A9-43A2-98A3-89ECF5034E26}.Release|Any CPU.ActiveCfg = Release|Any CPU
		{BA499B87-77A9-43A2-98A3-89ECF5034E26}.Release|Any CPU.Build.0 = Release|Any CPU
	EndGlobalSection
	GlobalSection(SolutionProperties) = preSolution
		HideSolutionNode = FALSE
	EndGlobalSection
	GlobalSection(NestedProjects) = preSolution
		{E8AF8611-0EA4-4B19-BC48-87C57A87DC66} = {9B2AE124-6636-4DE9-83A3-70360DABD0C4}
		{C42CDE33-0878-4BA0-96F2-4CB7C8FDEAAD} = {9B2AE124-6636-4DE9-83A3-70360DABD0C4}
		{9961B80E-0718-4280-B2A0-271B003DE26B} = {9B2AE124-6636-4DE9-83A3-70360DABD0C4}
		{F608B509-A99B-4AC7-8227-42051DD4A578} = {C09CDAB0-6DD4-46E9-B7F3-3EF2A4741EA0}
		{3B577468-6792-4EF1-9237-15180B176A24} = {9B2AE124-6636-4DE9-83A3-70360DABD0C4}
		{DA00FA38-C4B9-4F55-8756-D480FBC1084F} = {C09CDAB0-6DD4-46E9-B7F3-3EF2A4741EA0}
		{FA15685A-778A-4D2A-A2FE-27FAD2FFA65B} = {9B2AE124-6636-4DE9-83A3-70360DABD0C4}
		{80A84F62-1558-427B-BA74-B47AA8A665B5} = {C09CDAB0-6DD4-46E9-B7F3-3EF2A4741EA0}
		{9F3F9BFE-7B6A-4A7A-A6E6-8B517D611873} = {3A6B6931-A123-477A-9469-8B468B5385AF}
		{82C403AB-ED68-4084-9A1D-11334F9F08F9} = {9B2AE124-6636-4DE9-83A3-70360DABD0C4}
		{7CA3625D-1817-4695-881D-7E79A1E1DED2} = {C09CDAB0-6DD4-46E9-B7F3-3EF2A4741EA0}
		{C143FCDF-E7F3-46F8-987E-A1BA38C1639D} = {C09CDAB0-6DD4-46E9-B7F3-3EF2A4741EA0}
		{77C0AC02-C44B-49D5-B969-7D5305FC20A5} = {9B2AE124-6636-4DE9-83A3-70360DABD0C4}
		{4473DE19-E8D2-4B57-80A8-C8AAA2BFA20F} = {3A6B6931-A123-477A-9469-8B468B5385AF}
		{11563D1A-27CC-45CF-8C04-C16BCC21250A} = {3A6B6931-A123-477A-9469-8B468B5385AF}
		{63B2A464-FBEA-42FB-8EFA-98AFA39FC920} = {9B2AE124-6636-4DE9-83A3-70360DABD0C4}
		{58B6E829-C6C8-457C-9DD0-C600650254DF} = {9B2AE124-6636-4DE9-83A3-70360DABD0C4}
		{1E1E959C-3D0E-45C3-ABCA-DAAACE68AAB8} = {3A6B6931-A123-477A-9469-8B468B5385AF}
		{BA499B87-77A9-43A2-98A3-89ECF5034E26} = {C09CDAB0-6DD4-46E9-B7F3-3EF2A4741EA0}
	EndGlobalSection
	GlobalSection(ExtensibilityGlobals) = postSolution
		SolutionGuid = {2E70565D-94CF-40B4-BFE1-AC18D5F736AB}
	EndGlobalSection
EndGlobal
