
Microsoft Visual Studio Solution File, Format Version 12.00
# Visual Studio 14
VisualStudioVersion = 14.0.25420.1
MinimumVisualStudioVersion = 10.0.40219.1
Project("{2150E333-8FDC-42A3-9474-1A3956D46DE8}") = "src", "src", "{9B2AE124-6636-4DE9-83A3-70360DABD0C4}"
EndProject
Project("{2150E333-8FDC-42A3-9474-1A3956D46DE8}") = "test", "test", "{C09CDAB0-6DD4-46E9-B7F3-3EF2A4741EA0}"
EndProject
Project("{2150E333-8FDC-42A3-9474-1A3956D46DE8}") = "Solution Items", "Solution Items", "{57A8A8E5-5715-41BF-A0A6-46B819933FBC}"
	ProjectSection(SolutionItems) = preProject
		global.json = global.json
	EndProjectSection
EndProject
Project("{8BB2217D-0F2D-49D1-97BC-3654ED321F3B}") = "Cap.Consistency", "src\Cap.Consistency\Cap.Consistency.xproj", "{E8AF8611-0EA4-4B19-BC48-87C57A87DC66}"
EndProject
Project("{8BB2217D-0F2D-49D1-97BC-3654ED321F3B}") = "Cap.Consistency.Test", "test\Cap.Consistency.Test\Cap.Consistency.Test.xproj", "{3A444CF8-1611-407F-8D32-5D0CDC3DD49D}"
EndProject
Project("{2150E333-8FDC-42A3-9474-1A3956D46DE8}") = "Shared", "Shared", "{9E5A7F49-8E31-4A71-90CC-1DA9AEDA99EE}"
	ProjectSection(SolutionItems) = preProject
		test\Shared\TestConsistencyMessage.cs = test\Shared\TestConsistencyMessage.cs
	EndProjectSection
EndProject
Project("{8BB2217D-0F2D-49D1-97BC-3654ED321F3B}") = "Cap.Consistency.Server", "src\Cap.Consistency.Server\Cap.Consistency.Server.xproj", "{55CF2C48-D390-40CF-8AD9-FA39F90E9217}"
EndProject
Project("{8BB2217D-0F2D-49D1-97BC-3654ED321F3B}") = "Cap.Consistency.EntityFrameworkCore", "src\Cap.Consistency.EntityFrameworkCore\Cap.Consistency.EntityFrameworkCore.xproj", "{96111249-C4C3-4DC9-A887-32D583723AB1}"
EndProject
Project("{8BB2217D-0F2D-49D1-97BC-3654ED321F3B}") = "Cap.Consistency.EntityFrameworkCore.Test", "test\Cap.Consistency.EntityFrameworkCore.Test\Cap.Consistency.EntityFrameworkCore.Test.xproj", "{7442C942-1DDC-40E4-8F1B-654E721EAA45}"
EndProject
Global
	GlobalSection(SolutionConfigurationPlatforms) = preSolution
		Debug|Any CPU = Debug|Any CPU
		Release|Any CPU = Release|Any CPU
	EndGlobalSection
	GlobalSection(ProjectConfigurationPlatforms) = postSolution
		{E8AF8611-0EA4-4B19-BC48-87C57A87DC66}.Debug|Any CPU.ActiveCfg = Debug|Any CPU
		{E8AF8611-0EA4-4B19-BC48-87C57A87DC66}.Debug|Any CPU.Build.0 = Debug|Any CPU
		{E8AF8611-0EA4-4B19-BC48-87C57A87DC66}.Release|Any CPU.ActiveCfg = Release|Any CPU
		{E8AF8611-0EA4-4B19-BC48-87C57A87DC66}.Release|Any CPU.Build.0 = Release|Any CPU
		{3A444CF8-1611-407F-8D32-5D0CDC3DD49D}.Debug|Any CPU.ActiveCfg = Debug|Any CPU
		{3A444CF8-1611-407F-8D32-5D0CDC3DD49D}.Debug|Any CPU.Build.0 = Debug|Any CPU
		{3A444CF8-1611-407F-8D32-5D0CDC3DD49D}.Release|Any CPU.ActiveCfg = Release|Any CPU
		{3A444CF8-1611-407F-8D32-5D0CDC3DD49D}.Release|Any CPU.Build.0 = Release|Any CPU
		{55CF2C48-D390-40CF-8AD9-FA39F90E9217}.Debug|Any CPU.ActiveCfg = Debug|Any CPU
		{55CF2C48-D390-40CF-8AD9-FA39F90E9217}.Debug|Any CPU.Build.0 = Debug|Any CPU
		{55CF2C48-D390-40CF-8AD9-FA39F90E9217}.Release|Any CPU.ActiveCfg = Release|Any CPU
		{55CF2C48-D390-40CF-8AD9-FA39F90E9217}.Release|Any CPU.Build.0 = Release|Any CPU
		{96111249-C4C3-4DC9-A887-32D583723AB1}.Debug|Any CPU.ActiveCfg = Debug|Any CPU
		{96111249-C4C3-4DC9-A887-32D583723AB1}.Debug|Any CPU.Build.0 = Debug|Any CPU
		{96111249-C4C3-4DC9-A887-32D583723AB1}.Release|Any CPU.ActiveCfg = Release|Any CPU
		{96111249-C4C3-4DC9-A887-32D583723AB1}.Release|Any CPU.Build.0 = Release|Any CPU
		{7442C942-1DDC-40E4-8F1B-654E721EAA45}.Debug|Any CPU.ActiveCfg = Debug|Any CPU
		{7442C942-1DDC-40E4-8F1B-654E721EAA45}.Debug|Any CPU.Build.0 = Debug|Any CPU
		{7442C942-1DDC-40E4-8F1B-654E721EAA45}.Release|Any CPU.ActiveCfg = Release|Any CPU
		{7442C942-1DDC-40E4-8F1B-654E721EAA45}.Release|Any CPU.Build.0 = Release|Any CPU
	EndGlobalSection
	GlobalSection(SolutionProperties) = preSolution
		HideSolutionNode = FALSE
	EndGlobalSection
	GlobalSection(NestedProjects) = preSolution
		{E8AF8611-0EA4-4B19-BC48-87C57A87DC66} = {9B2AE124-6636-4DE9-83A3-70360DABD0C4}
		{3A444CF8-1611-407F-8D32-5D0CDC3DD49D} = {C09CDAB0-6DD4-46E9-B7F3-3EF2A4741EA0}
		{9E5A7F49-8E31-4A71-90CC-1DA9AEDA99EE} = {C09CDAB0-6DD4-46E9-B7F3-3EF2A4741EA0}
		{55CF2C48-D390-40CF-8AD9-FA39F90E9217} = {9B2AE124-6636-4DE9-83A3-70360DABD0C4}
		{96111249-C4C3-4DC9-A887-32D583723AB1} = {9B2AE124-6636-4DE9-83A3-70360DABD0C4}
		{7442C942-1DDC-40E4-8F1B-654E721EAA45} = {C09CDAB0-6DD4-46E9-B7F3-3EF2A4741EA0}
	EndGlobalSection
EndGlobal
