
Microsoft Visual Studio Solution File, Format Version 12.00
# Visual Studio 15
VisualStudioVersion = 15.0.26730.12
MinimumVisualStudioVersion = 10.0.40219.1
Project("{2150E333-8FDC-42A3-9474-1A3956D46DE8}") = "src", "src", "{9B2AE124-6636-4DE9-83A3-70360DABD0C4}"
EndProject
Project("{2150E333-8FDC-42A3-9474-1A3956D46DE8}") = "test", "test", "{C09CDAB0-6DD4-46E9-B7F3-3EF2A4741EA0}"
EndProject
Project("{2150E333-8FDC-42A3-9474-1A3956D46DE8}") = "Solution Items", "Solution Items", "{57A8A8E5-5715-41BF-A0A6-46B819933FBC}"
	ProjectSection(SolutionItems) = preProject
		.gitattributes = .gitattributes
		.gitignore = .gitignore
		.travis.yml = .travis.yml
		appveyor.yml = appveyor.yml
		CAP.vssettings = CAP.vssettings
		CHANGELOG.md = CHANGELOG.md
		CODE_OF_CONDUCT.md = CODE_OF_CONDUCT.md
		ConfigureMSDTC.ps1 = ConfigureMSDTC.ps1
		LICENSE.txt = LICENSE.txt
		README.md = README.md
		README.zh-cn.md = README.zh-cn.md
	EndProjectSection
EndProject
Project("{9A19103F-16F7-4668-BE54-9A1E7A4F7556}") = "DotNetCore.CAP", "src\DotNetCore.CAP\DotNetCore.CAP.csproj", "{E8AF8611-0EA4-4B19-BC48-87C57A87DC66}"
EndProject
Project("{2150E333-8FDC-42A3-9474-1A3956D46DE8}") = "samples", "samples", "{3A6B6931-A123-477A-9469-8B468B5385AF}"
EndProject
Project("{9A19103F-16F7-4668-BE54-9A1E7A4F7556}") = "DotNetCore.CAP.Kafka", "src\DotNetCore.CAP.Kafka\DotNetCore.CAP.Kafka.csproj", "{C42CDE33-0878-4BA0-96F2-4CB7C8FDEAAD}"
EndProject
Project("{9A19103F-16F7-4668-BE54-9A1E7A4F7556}") = "DotNetCore.CAP.RabbitMQ", "src\DotNetCore.CAP.RabbitMQ\DotNetCore.CAP.RabbitMQ.csproj", "{9961B80E-0718-4280-B2A0-271B003DE26B}"
EndProject
Project("{2150E333-8FDC-42A3-9474-1A3956D46DE8}") = "build", "build", "{10C0818D-9160-4B80-BB86-DDE925B64D43}"
	ProjectSection(SolutionItems) = preProject
		build.cake = build.cake
		build.ps1 = build.ps1
		build.sh = build.sh
		build\common.props = build\common.props
		build\index.cake = build\index.cake
		build\util.cake = build\util.cake
		build\version.cake = build\version.cake
		build\version.props = build\version.props
	EndProjectSection
EndProject
Project("{9A19103F-16F7-4668-BE54-9A1E7A4F7556}") = "DotNetCore.CAP.Test", "test\DotNetCore.CAP.Test\DotNetCore.CAP.Test.csproj", "{F608B509-A99B-4AC7-8227-42051DD4A578}"
EndProject
Project("{9A19103F-16F7-4668-BE54-9A1E7A4F7556}") = "DotNetCore.CAP.SqlServer", "src\DotNetCore.CAP.SqlServer\DotNetCore.CAP.SqlServer.csproj", "{3B577468-6792-4EF1-9237-15180B176A24}"
EndProject
Project("{9A19103F-16F7-4668-BE54-9A1E7A4F7556}") = "DotNetCore.CAP.SqlServer.Test", "test\DotNetCore.CAP.SqlServer.Test\DotNetCore.CAP.SqlServer.Test.csproj", "{DA00FA38-C4B9-4F55-8756-D480FBC1084F}"
EndProject
Project("{9A19103F-16F7-4668-BE54-9A1E7A4F7556}") = "DotNetCore.CAP.MySql", "src\DotNetCore.CAP.MySql\DotNetCore.CAP.MySql.csproj", "{FA15685A-778A-4D2A-A2FE-27FAD2FFA65B}"
EndProject
Project("{9A19103F-16F7-4668-BE54-9A1E7A4F7556}") = "DotNetCore.CAP.MySql.Test", "test\DotNetCore.CAP.MySql.Test\DotNetCore.CAP.MySql.Test.csproj", "{80A84F62-1558-427B-BA74-B47AA8A665B5}"
EndProject
Project("{9A19103F-16F7-4668-BE54-9A1E7A4F7556}") = "Sample.RabbitMQ.MySql", "samples\Sample.RabbitMQ.MySql\Sample.RabbitMQ.MySql.csproj", "{9F3F9BFE-7B6A-4A7A-A6E6-8B517D611873}"
EndProject
Project("{9A19103F-16F7-4668-BE54-9A1E7A4F7556}") = "Sample.RabbitMQ.SqlServer", "samples\Sample.RabbitMQ.SqlServer\Sample.RabbitMQ.SqlServer.csproj", "{AF17B956-B79E-48B7-9B5B-EB15A386B112}"
EndProject
Project("{9A19103F-16F7-4668-BE54-9A1E7A4F7556}") = "DotNetCore.CAP.PostgreSql", "src\DotNetCore.CAP.PostgreSql\DotNetCore.CAP.PostgreSql.csproj", "{82C403AB-ED68-4084-9A1D-11334F9F08F9}"
EndProject
Project("{9A19103F-16F7-4668-BE54-9A1E7A4F7556}") = "Sample.RabbitMQ.PostgreSql", "samples\Sample.RabbitMQ.PostgreSql\Sample.RabbitMQ.PostgreSql.csproj", "{A17E8E72-DFFC-4822-BB38-73D59A8B264E}"
EndProject
Project("{9A19103F-16F7-4668-BE54-9A1E7A4F7556}") = "DotNetCore.CAP.PostgreSql.Test", "test\DotNetCore.CAP.PostgreSql.Test\DotNetCore.CAP.PostgreSql.Test.csproj", "{7CA3625D-1817-4695-881D-7E79A1E1DED2}"
EndProject
Global
	GlobalSection(SolutionConfigurationPlatforms) = preSolution
		Debug|Any CPU = Debug|Any CPU
		Release|Any CPU = Release|Any CPU
	EndGlobalSection
	GlobalSection(ProjectConfigurationPlatforms) = postSolution
		{E8AF8611-0EA4-4B19-BC48-87C57A87DC66}.Debug|Any CPU.ActiveCfg = Debug|Any CPU
		{E8AF8611-0EA4-4B19-BC48-87C57A87DC66}.Debug|Any CPU.Build.0 = Debug|Any CPU
		{E8AF8611-0EA4-4B19-BC48-87C57A87DC66}.Release|Any CPU.ActiveCfg = Release|Any CPU
		{E8AF8611-0EA4-4B19-BC48-87C57A87DC66}.Release|Any CPU.Build.0 = Release|Any CPU
		{C42CDE33-0878-4BA0-96F2-4CB7C8FDEAAD}.Debug|Any CPU.ActiveCfg = Debug|Any CPU
		{C42CDE33-0878-4BA0-96F2-4CB7C8FDEAAD}.Debug|Any CPU.Build.0 = Debug|Any CPU
		{C42CDE33-0878-4BA0-96F2-4CB7C8FDEAAD}.Release|Any CPU.ActiveCfg = Release|Any CPU
		{C42CDE33-0878-4BA0-96F2-4CB7C8FDEAAD}.Release|Any CPU.Build.0 = Release|Any CPU
		{9961B80E-0718-4280-B2A0-271B003DE26B}.Debug|Any CPU.ActiveCfg = Debug|Any CPU
		{9961B80E-0718-4280-B2A0-271B003DE26B}.Debug|Any CPU.Build.0 = Debug|Any CPU
		{9961B80E-0718-4280-B2A0-271B003DE26B}.Release|Any CPU.ActiveCfg = Release|Any CPU
		{9961B80E-0718-4280-B2A0-271B003DE26B}.Release|Any CPU.Build.0 = Release|Any CPU
		{F608B509-A99B-4AC7-8227-42051DD4A578}.Debug|Any CPU.ActiveCfg = Debug|Any CPU
		{F608B509-A99B-4AC7-8227-42051DD4A578}.Debug|Any CPU.Build.0 = Debug|Any CPU
		{F608B509-A99B-4AC7-8227-42051DD4A578}.Release|Any CPU.ActiveCfg = Release|Any CPU
		{3B577468-6792-4EF1-9237-15180B176A24}.Debug|Any CPU.ActiveCfg = Debug|Any CPU
		{3B577468-6792-4EF1-9237-15180B176A24}.Debug|Any CPU.Build.0 = Debug|Any CPU
		{3B577468-6792-4EF1-9237-15180B176A24}.Release|Any CPU.ActiveCfg = Release|Any CPU
		{3B577468-6792-4EF1-9237-15180B176A24}.Release|Any CPU.Build.0 = Release|Any CPU
		{DA00FA38-C4B9-4F55-8756-D480FBC1084F}.Debug|Any CPU.ActiveCfg = Debug|Any CPU
		{DA00FA38-C4B9-4F55-8756-D480FBC1084F}.Debug|Any CPU.Build.0 = Debug|Any CPU
		{DA00FA38-C4B9-4F55-8756-D480FBC1084F}.Release|Any CPU.ActiveCfg = Release|Any CPU
		{DA00FA38-C4B9-4F55-8756-D480FBC1084F}.Release|Any CPU.Build.0 = Release|Any CPU
		{FA15685A-778A-4D2A-A2FE-27FAD2FFA65B}.Debug|Any CPU.ActiveCfg = Debug|Any CPU
		{FA15685A-778A-4D2A-A2FE-27FAD2FFA65B}.Debug|Any CPU.Build.0 = Debug|Any CPU
		{FA15685A-778A-4D2A-A2FE-27FAD2FFA65B}.Release|Any CPU.ActiveCfg = Release|Any CPU
		{FA15685A-778A-4D2A-A2FE-27FAD2FFA65B}.Release|Any CPU.Build.0 = Release|Any CPU
		{80A84F62-1558-427B-BA74-B47AA8A665B5}.Debug|Any CPU.ActiveCfg = Debug|Any CPU
		{80A84F62-1558-427B-BA74-B47AA8A665B5}.Debug|Any CPU.Build.0 = Debug|Any CPU
		{80A84F62-1558-427B-BA74-B47AA8A665B5}.Release|Any CPU.ActiveCfg = Release|Any CPU
		{80A84F62-1558-427B-BA74-B47AA8A665B5}.Release|Any CPU.Build.0 = Release|Any CPU
		{9F3F9BFE-7B6A-4A7A-A6E6-8B517D611873}.Debug|Any CPU.ActiveCfg = Debug|Any CPU
		{9F3F9BFE-7B6A-4A7A-A6E6-8B517D611873}.Debug|Any CPU.Build.0 = Debug|Any CPU
		{9F3F9BFE-7B6A-4A7A-A6E6-8B517D611873}.Release|Any CPU.ActiveCfg = Release|Any CPU
		{9F3F9BFE-7B6A-4A7A-A6E6-8B517D611873}.Release|Any CPU.Build.0 = Release|Any CPU
		{AF17B956-B79E-48B7-9B5B-EB15A386B112}.Debug|Any CPU.ActiveCfg = Debug|Any CPU
		{AF17B956-B79E-48B7-9B5B-EB15A386B112}.Debug|Any CPU.Build.0 = Debug|Any CPU
		{AF17B956-B79E-48B7-9B5B-EB15A386B112}.Release|Any CPU.ActiveCfg = Release|Any CPU
		{AF17B956-B79E-48B7-9B5B-EB15A386B112}.Release|Any CPU.Build.0 = Release|Any CPU
		{82C403AB-ED68-4084-9A1D-11334F9F08F9}.Debug|Any CPU.ActiveCfg = Debug|Any CPU
		{82C403AB-ED68-4084-9A1D-11334F9F08F9}.Debug|Any CPU.Build.0 = Debug|Any CPU
		{82C403AB-ED68-4084-9A1D-11334F9F08F9}.Release|Any CPU.ActiveCfg = Release|Any CPU
		{82C403AB-ED68-4084-9A1D-11334F9F08F9}.Release|Any CPU.Build.0 = Release|Any CPU
		{A17E8E72-DFFC-4822-BB38-73D59A8B264E}.Debug|Any CPU.ActiveCfg = Debug|Any CPU
		{A17E8E72-DFFC-4822-BB38-73D59A8B264E}.Debug|Any CPU.Build.0 = Debug|Any CPU
		{A17E8E72-DFFC-4822-BB38-73D59A8B264E}.Release|Any CPU.ActiveCfg = Release|Any CPU
		{A17E8E72-DFFC-4822-BB38-73D59A8B264E}.Release|Any CPU.Build.0 = Release|Any CPU
		{7CA3625D-1817-4695-881D-7E79A1E1DED2}.Debug|Any CPU.ActiveCfg = Debug|Any CPU
		{7CA3625D-1817-4695-881D-7E79A1E1DED2}.Debug|Any CPU.Build.0 = Debug|Any CPU
		{7CA3625D-1817-4695-881D-7E79A1E1DED2}.Release|Any CPU.ActiveCfg = Release|Any CPU
		{7CA3625D-1817-4695-881D-7E79A1E1DED2}.Release|Any CPU.Build.0 = Release|Any CPU
	EndGlobalSection
	GlobalSection(SolutionProperties) = preSolution
		HideSolutionNode = FALSE
	EndGlobalSection
	GlobalSection(NestedProjects) = preSolution
		{E8AF8611-0EA4-4B19-BC48-87C57A87DC66} = {9B2AE124-6636-4DE9-83A3-70360DABD0C4}
		{C42CDE33-0878-4BA0-96F2-4CB7C8FDEAAD} = {9B2AE124-6636-4DE9-83A3-70360DABD0C4}
		{9961B80E-0718-4280-B2A0-271B003DE26B} = {9B2AE124-6636-4DE9-83A3-70360DABD0C4}
		{F608B509-A99B-4AC7-8227-42051DD4A578} = {C09CDAB0-6DD4-46E9-B7F3-3EF2A4741EA0}
		{3B577468-6792-4EF1-9237-15180B176A24} = {9B2AE124-6636-4DE9-83A3-70360DABD0C4}
		{DA00FA38-C4B9-4F55-8756-D480FBC1084F} = {C09CDAB0-6DD4-46E9-B7F3-3EF2A4741EA0}
		{FA15685A-778A-4D2A-A2FE-27FAD2FFA65B} = {9B2AE124-6636-4DE9-83A3-70360DABD0C4}
		{80A84F62-1558-427B-BA74-B47AA8A665B5} = {C09CDAB0-6DD4-46E9-B7F3-3EF2A4741EA0}
		{9F3F9BFE-7B6A-4A7A-A6E6-8B517D611873} = {3A6B6931-A123-477A-9469-8B468B5385AF}
		{AF17B956-B79E-48B7-9B5B-EB15A386B112} = {3A6B6931-A123-477A-9469-8B468B5385AF}
		{82C403AB-ED68-4084-9A1D-11334F9F08F9} = {9B2AE124-6636-4DE9-83A3-70360DABD0C4}
		{A17E8E72-DFFC-4822-BB38-73D59A8B264E} = {3A6B6931-A123-477A-9469-8B468B5385AF}
		{7CA3625D-1817-4695-881D-7E79A1E1DED2} = {C09CDAB0-6DD4-46E9-B7F3-3EF2A4741EA0}
	EndGlobalSection
	GlobalSection(ExtensibilityGlobals) = postSolution
		SolutionGuid = {2E70565D-94CF-40B4-BFE1-AC18D5F736AB}
	EndGlobalSection
EndGlobal
