
Microsoft Visual Studio Solution File, Format Version 12.00
# Visual Studio Version 17
VisualStudioVersion = 17.0.31919.166
MinimumVisualStudioVersion = 10.0.40219.1
Project("{2150E333-8FDC-42A3-9474-1A3956D46DE8}") = "src", "src", "{9B2AE124-6636-4DE9-83A3-70360DABD0C4}"
EndProject
Project("{2150E333-8FDC-42A3-9474-1A3956D46DE8}") = "test", "test", "{C09CDAB0-6DD4-46E9-B7F3-3EF2A4741EA0}"
EndProject
Project("{2150E333-8FDC-42A3-9474-1A3956D46DE8}") = "Solution Items", "Solution Items", "{57A8A8E5-5715-41BF-A0A6-46B819933FBC}"
	ProjectSection(SolutionItems) = preProject
		.flubu = .flubu
		.gitignore = .gitignore
		.travis.yml = .travis.yml
		appveyor.yml = appveyor.yml
		.github\workflows\deploy-docs-and-dashbaord.yml = .github\workflows\deploy-docs-and-dashbaord.yml
		.github\ISSUE_TEMPLATE = .github\ISSUE_TEMPLATE
		LICENSE.txt = LICENSE.txt
		README.md = README.md
		README.zh-cn.md = README.zh-cn.md
	EndProjectSection
EndProject
Project("{9A19103F-16F7-4668-BE54-9A1E7A4F7556}") = "DotNetCore.CAP", "src\DotNetCore.CAP\DotNetCore.CAP.csproj", "{E8AF8611-0EA4-4B19-BC48-87C57A87DC66}"
EndProject
Project("{2150E333-8FDC-42A3-9474-1A3956D46DE8}") = "samples", "samples", "{3A6B6931-A123-477A-9469-8B468B5385AF}"
EndProject
Project("{9A19103F-16F7-4668-BE54-9A1E7A4F7556}") = "DotNetCore.CAP.Kafka", "src\DotNetCore.CAP.Kafka\DotNetCore.CAP.Kafka.csproj", "{C42CDE33-0878-4BA0-96F2-4CB7C8FDEAAD}"
EndProject
Project("{9A19103F-16F7-4668-BE54-9A1E7A4F7556}") = "DotNetCore.CAP.RabbitMQ", "src\DotNetCore.CAP.RabbitMQ\DotNetCore.CAP.RabbitMQ.csproj", "{9961B80E-0718-4280-B2A0-271B003DE26B}"
EndProject
Project("{2150E333-8FDC-42A3-9474-1A3956D46DE8}") = "build", "build", "{10C0818D-9160-4B80-BB86-DDE925B64D43}"
	ProjectSection(SolutionItems) = preProject
		src\Directory.Build.props = src\Directory.Build.props
		build\version.props = build\version.props
	EndProjectSection
EndProject
Project("{9A19103F-16F7-4668-BE54-9A1E7A4F7556}") = "DotNetCore.CAP.SqlServer", "src\DotNetCore.CAP.SqlServer\DotNetCore.CAP.SqlServer.csproj", "{3B577468-6792-4EF1-9237-15180B176A24}"
EndProject
Project("{9A19103F-16F7-4668-BE54-9A1E7A4F7556}") = "DotNetCore.CAP.MySql", "src\DotNetCore.CAP.MySql\DotNetCore.CAP.MySql.csproj", "{FA15685A-778A-4D2A-A2FE-27FAD2FFA65B}"
EndProject
Project("{9A19103F-16F7-4668-BE54-9A1E7A4F7556}") = "DotNetCore.CAP.MySql.Test", "test\DotNetCore.CAP.MySql.Test\DotNetCore.CAP.MySql.Test.csproj", "{80A84F62-1558-427B-BA74-B47AA8A665B5}"
EndProject
Project("{9A19103F-16F7-4668-BE54-9A1E7A4F7556}") = "Sample.RabbitMQ.MySql", "samples\Sample.RabbitMQ.MySql\Sample.RabbitMQ.MySql.csproj", "{9F3F9BFE-7B6A-4A7A-A6E6-8B517D611873}"
EndProject
Project("{9A19103F-16F7-4668-BE54-9A1E7A4F7556}") = "DotNetCore.CAP.PostgreSql", "src\DotNetCore.CAP.PostgreSql\DotNetCore.CAP.PostgreSql.csproj", "{82C403AB-ED68-4084-9A1D-11334F9F08F9}"
EndProject
Project("{9A19103F-16F7-4668-BE54-9A1E7A4F7556}") = "DotNetCore.CAP.MongoDB", "src\DotNetCore.CAP.MongoDB\DotNetCore.CAP.MongoDB.csproj", "{77C0AC02-C44B-49D5-B969-7D5305FC20A5}"
EndProject
Project("{9A19103F-16F7-4668-BE54-9A1E7A4F7556}") = "Sample.RabbitMQ.MongoDB", "samples\Sample.RabbitMQ.MongoDB\Sample.RabbitMQ.MongoDB.csproj", "{4473DE19-E8D2-4B57-80A8-C8AAA2BFA20F}"
EndProject
Project("{9A19103F-16F7-4668-BE54-9A1E7A4F7556}") = "DotNetCore.CAP.AzureServiceBus", "src\DotNetCore.CAP.AzureServiceBus\DotNetCore.CAP.AzureServiceBus.csproj", "{63B2A464-FBEA-42FB-8EFA-98AFA39FC920}"
EndProject
Project("{9A19103F-16F7-4668-BE54-9A1E7A4F7556}") = "DotNetCore.CAP.Dashboard", "src\DotNetCore.CAP.Dashboard\DotNetCore.CAP.Dashboard.csproj", "{56FB261C-67AF-4715-9A46-4FA4FAB91B2C}"
EndProject
Project("{9A19103F-16F7-4668-BE54-9A1E7A4F7556}") = "Sample.RabbitMQ.SqlServer", "samples\Sample.RabbitMQ.SqlServer\Sample.RabbitMQ.SqlServer.csproj", "{F6C5C676-AF05-46D5-A45D-442137B31898}"
EndProject
Project("{9A19103F-16F7-4668-BE54-9A1E7A4F7556}") = "Sample.Kafka.PostgreSql", "samples\Sample.Kafka.PostgreSql\Sample.Kafka.PostgreSql.csproj", "{F1EF1D26-8A6B-403E-85B0-250DF44A4A7C}"
EndProject
Project("{9A19103F-16F7-4668-BE54-9A1E7A4F7556}") = "BuildScript", "build\BuildScript.csproj", "{F8EF381A-FE83-40B3-A63D-09D83851B0FB}"
EndProject
Project("{9A19103F-16F7-4668-BE54-9A1E7A4F7556}") = "DotNetCore.CAP.InMemoryStorage", "src\DotNetCore.CAP.InMemoryStorage\DotNetCore.CAP.InMemoryStorage.csproj", "{93176BAE-914B-4BED-9DE3-01FFB4F27FC5}"
EndProject
Project("{9A19103F-16F7-4668-BE54-9A1E7A4F7556}") = "DotNetCore.CAP.Test", "test\DotNetCore.CAP.Test\DotNetCore.CAP.Test.csproj", "{75CC45E6-BF06-40F4-977D-10DCC05B2EFA}"
EndProject
Project("{9A19103F-16F7-4668-BE54-9A1E7A4F7556}") = "Sample.ConsoleApp", "samples\Sample.ConsoleApp\Sample.ConsoleApp.csproj", "{2B0F467E-ABBD-4A51-BF38-D4F609DB6266}"
EndProject
Project("{9A19103F-16F7-4668-BE54-9A1E7A4F7556}") = "DotNetCore.CAP.AmazonSQS", "src\DotNetCore.CAP.AmazonSQS\DotNetCore.CAP.AmazonSQS.csproj", "{43475E00-51B7-443D-BC2D-FC21F9D8A0B4}"
EndProject
Project("{9A19103F-16F7-4668-BE54-9A1E7A4F7556}") = "Sample.AmazonSQS.InMemory", "samples\Sample.AmazonSQS.InMemory\Sample.AmazonSQS.InMemory.csproj", "{B187DD15-092D-4B72-9807-50856607D237}"
EndProject
Project("{9A19103F-16F7-4668-BE54-9A1E7A4F7556}") = "DotNetCore.CAP.NATS", "src\DotNetCore.CAP.NATS\DotNetCore.CAP.NATS.csproj", "{8B2FD3EA-E72B-4A82-B182-B87EC0C15D07}"
EndProject
Project("{9A19103F-16F7-4668-BE54-9A1E7A4F7556}") = "Samples.Redis.SqlServer", "samples\Samples.Redis.SqlServer\Samples.Redis.SqlServer.csproj", "{375AF85D-8C81-47C6-BE5B-D0874D4971EA}"
EndProject
Project("{9A19103F-16F7-4668-BE54-9A1E7A4F7556}") = "DotNetCore.CAP.RedisStreams", "src\DotNetCore.CAP.RedisStreams\DotNetCore.CAP.RedisStreams.csproj", "{54458B54-49CC-454C-82B2-4AED681D9D07}"
EndProject
Project("{9A19103F-16F7-4668-BE54-9A1E7A4F7556}") = "Sample.Dashboard.Auth", "samples\Sample.Dashboard.Auth\Sample.Dashboard.Auth.csproj", "{6E059983-DE89-4D53-88F5-D9083BCE257F}"
EndProject
Project("{9A19103F-16F7-4668-BE54-9A1E7A4F7556}") = "DotNetCore.CAP.MultiModuleSubscriberTests", "test\DotNetCore.CAP.MultiModuleSubscriberTests\DotNetCore.CAP.MultiModuleSubscriberTests.csproj", "{23684403-7DA8-489A-8A1E-8056D7683E18}"
EndProject
Project("{9A19103F-16F7-4668-BE54-9A1E7A4F7556}") = "DotNetCore.CAP.Pulsar", "src\DotNetCore.CAP.Pulsar\DotNetCore.CAP.Pulsar.csproj", "{AB7A10CB-2C7E-49CE-AA21-893772FF6546}"
EndProject
Project("{9A19103F-16F7-4668-BE54-9A1E7A4F7556}") = "Sample.Pulsar.InMemory", "samples\Sample.Pulsar.InMemory\Sample.Pulsar.InMemory.csproj", "{B1D95CCD-0123-41D4-8CCB-9F834ED8D5C5}"
EndProject
Project("{9A19103F-16F7-4668-BE54-9A1E7A4F7556}") = "Sample.RabbitMQ.SqlServer.DispatcherPerGroup", "samples\Sample.RabbitMQ.SqlServer.DispatcherPerGroup\Sample.RabbitMQ.SqlServer.DispatcherPerGroup.csproj", "{DCDF58E8-F823-4F04-9F8C-E8076DC16A68}"
EndProject
Project("{9A19103F-16F7-4668-BE54-9A1E7A4F7556}") = "DotNetCore.CAP.OpenTelemetry", "src\DotNetCore.CAP.OpenTelemetry\DotNetCore.CAP.OpenTelemetry.csproj", "{83DDB126-A00B-4064-86E7-568322CA67EC}"
EndProject
Project("{FAE04EC0-301F-11D3-BF4B-00C04F79EFBC}") = "Sample.AzureServiceBus.InMemory", "samples\Sample.AzureServiceBus.InMemory\Sample.AzureServiceBus.InMemory.csproj", "{0C734FB2-7D75-4FF3-B564-1E50E6280B14}"
EndProject
Global
	GlobalSection(SolutionConfigurationPlatforms) = preSolution
		Debug|Any CPU = Debug|Any CPU
		Release|Any CPU = Release|Any CPU
	EndGlobalSection
	GlobalSection(ProjectConfigurationPlatforms) = postSolution
		{E8AF8611-0EA4-4B19-BC48-87C57A87DC66}.Debug|Any CPU.ActiveCfg = Debug|Any CPU
		{E8AF8611-0EA4-4B19-BC48-87C57A87DC66}.Debug|Any CPU.Build.0 = Debug|Any CPU
		{E8AF8611-0EA4-4B19-BC48-87C57A87DC66}.Release|Any CPU.ActiveCfg = Release|Any CPU
		{E8AF8611-0EA4-4B19-BC48-87C57A87DC66}.Release|Any CPU.Build.0 = Release|Any CPU
		{C42CDE33-0878-4BA0-96F2-4CB7C8FDEAAD}.Debug|Any CPU.ActiveCfg = Debug|Any CPU
		{C42CDE33-0878-4BA0-96F2-4CB7C8FDEAAD}.Debug|Any CPU.Build.0 = Debug|Any CPU
		{C42CDE33-0878-4BA0-96F2-4CB7C8FDEAAD}.Release|Any CPU.ActiveCfg = Release|Any CPU
		{C42CDE33-0878-4BA0-96F2-4CB7C8FDEAAD}.Release|Any CPU.Build.0 = Release|Any CPU
		{9961B80E-0718-4280-B2A0-271B003DE26B}.Debug|Any CPU.ActiveCfg = Debug|Any CPU
		{9961B80E-0718-4280-B2A0-271B003DE26B}.Debug|Any CPU.Build.0 = Debug|Any CPU
		{9961B80E-0718-4280-B2A0-271B003DE26B}.Release|Any CPU.ActiveCfg = Release|Any CPU
		{9961B80E-0718-4280-B2A0-271B003DE26B}.Release|Any CPU.Build.0 = Release|Any CPU
		{3B577468-6792-4EF1-9237-15180B176A24}.Debug|Any CPU.ActiveCfg = Debug|Any CPU
		{3B577468-6792-4EF1-9237-15180B176A24}.Debug|Any CPU.Build.0 = Debug|Any CPU
		{3B577468-6792-4EF1-9237-15180B176A24}.Release|Any CPU.ActiveCfg = Release|Any CPU
		{3B577468-6792-4EF1-9237-15180B176A24}.Release|Any CPU.Build.0 = Release|Any CPU
		{FA15685A-778A-4D2A-A2FE-27FAD2FFA65B}.Debug|Any CPU.ActiveCfg = Debug|Any CPU
		{FA15685A-778A-4D2A-A2FE-27FAD2FFA65B}.Debug|Any CPU.Build.0 = Debug|Any CPU
		{FA15685A-778A-4D2A-A2FE-27FAD2FFA65B}.Release|Any CPU.ActiveCfg = Release|Any CPU
		{FA15685A-778A-4D2A-A2FE-27FAD2FFA65B}.Release|Any CPU.Build.0 = Release|Any CPU
		{80A84F62-1558-427B-BA74-B47AA8A665B5}.Debug|Any CPU.ActiveCfg = Debug|Any CPU
		{80A84F62-1558-427B-BA74-B47AA8A665B5}.Debug|Any CPU.Build.0 = Debug|Any CPU
		{80A84F62-1558-427B-BA74-B47AA8A665B5}.Release|Any CPU.ActiveCfg = Release|Any CPU
		{80A84F62-1558-427B-BA74-B47AA8A665B5}.Release|Any CPU.Build.0 = Release|Any CPU
		{9F3F9BFE-7B6A-4A7A-A6E6-8B517D611873}.Debug|Any CPU.ActiveCfg = Debug|Any CPU
		{9F3F9BFE-7B6A-4A7A-A6E6-8B517D611873}.Debug|Any CPU.Build.0 = Debug|Any CPU
		{9F3F9BFE-7B6A-4A7A-A6E6-8B517D611873}.Release|Any CPU.ActiveCfg = Release|Any CPU
		{9F3F9BFE-7B6A-4A7A-A6E6-8B517D611873}.Release|Any CPU.Build.0 = Release|Any CPU
		{82C403AB-ED68-4084-9A1D-11334F9F08F9}.Debug|Any CPU.ActiveCfg = Debug|Any CPU
		{82C403AB-ED68-4084-9A1D-11334F9F08F9}.Debug|Any CPU.Build.0 = Debug|Any CPU
		{82C403AB-ED68-4084-9A1D-11334F9F08F9}.Release|Any CPU.ActiveCfg = Release|Any CPU
		{82C403AB-ED68-4084-9A1D-11334F9F08F9}.Release|Any CPU.Build.0 = Release|Any CPU
		{77C0AC02-C44B-49D5-B969-7D5305FC20A5}.Debug|Any CPU.ActiveCfg = Debug|Any CPU
		{77C0AC02-C44B-49D5-B969-7D5305FC20A5}.Debug|Any CPU.Build.0 = Debug|Any CPU
		{77C0AC02-C44B-49D5-B969-7D5305FC20A5}.Release|Any CPU.ActiveCfg = Release|Any CPU
		{77C0AC02-C44B-49D5-B969-7D5305FC20A5}.Release|Any CPU.Build.0 = Release|Any CPU
		{4473DE19-E8D2-4B57-80A8-C8AAA2BFA20F}.Debug|Any CPU.ActiveCfg = Debug|Any CPU
		{4473DE19-E8D2-4B57-80A8-C8AAA2BFA20F}.Debug|Any CPU.Build.0 = Debug|Any CPU
		{4473DE19-E8D2-4B57-80A8-C8AAA2BFA20F}.Release|Any CPU.ActiveCfg = Release|Any CPU
		{4473DE19-E8D2-4B57-80A8-C8AAA2BFA20F}.Release|Any CPU.Build.0 = Release|Any CPU
		{63B2A464-FBEA-42FB-8EFA-98AFA39FC920}.Debug|Any CPU.ActiveCfg = Debug|Any CPU
		{63B2A464-FBEA-42FB-8EFA-98AFA39FC920}.Debug|Any CPU.Build.0 = Debug|Any CPU
		{63B2A464-FBEA-42FB-8EFA-98AFA39FC920}.Release|Any CPU.ActiveCfg = Release|Any CPU
		{63B2A464-FBEA-42FB-8EFA-98AFA39FC920}.Release|Any CPU.Build.0 = Release|Any CPU
		{56FB261C-67AF-4715-9A46-4FA4FAB91B2C}.Debug|Any CPU.ActiveCfg = Debug|Any CPU
		{56FB261C-67AF-4715-9A46-4FA4FAB91B2C}.Debug|Any CPU.Build.0 = Debug|Any CPU
		{56FB261C-67AF-4715-9A46-4FA4FAB91B2C}.Release|Any CPU.ActiveCfg = Release|Any CPU
		{56FB261C-67AF-4715-9A46-4FA4FAB91B2C}.Release|Any CPU.Build.0 = Release|Any CPU
		{F6C5C676-AF05-46D5-A45D-442137B31898}.Debug|Any CPU.ActiveCfg = Debug|Any CPU
		{F6C5C676-AF05-46D5-A45D-442137B31898}.Debug|Any CPU.Build.0 = Debug|Any CPU
		{F6C5C676-AF05-46D5-A45D-442137B31898}.Release|Any CPU.ActiveCfg = Release|Any CPU
		{F6C5C676-AF05-46D5-A45D-442137B31898}.Release|Any CPU.Build.0 = Release|Any CPU
		{F1EF1D26-8A6B-403E-85B0-250DF44A4A7C}.Debug|Any CPU.ActiveCfg = Debug|Any CPU
		{F1EF1D26-8A6B-403E-85B0-250DF44A4A7C}.Debug|Any CPU.Build.0 = Debug|Any CPU
		{F1EF1D26-8A6B-403E-85B0-250DF44A4A7C}.Release|Any CPU.ActiveCfg = Release|Any CPU
		{F1EF1D26-8A6B-403E-85B0-250DF44A4A7C}.Release|Any CPU.Build.0 = Release|Any CPU
		{F8EF381A-FE83-40B3-A63D-09D83851B0FB}.Debug|Any CPU.ActiveCfg = Debug|Any CPU
		{F8EF381A-FE83-40B3-A63D-09D83851B0FB}.Debug|Any CPU.Build.0 = Debug|Any CPU
		{F8EF381A-FE83-40B3-A63D-09D83851B0FB}.Release|Any CPU.ActiveCfg = Release|Any CPU
		{F8EF381A-FE83-40B3-A63D-09D83851B0FB}.Release|Any CPU.Build.0 = Release|Any CPU
		{93176BAE-914B-4BED-9DE3-01FFB4F27FC5}.Debug|Any CPU.ActiveCfg = Debug|Any CPU
		{93176BAE-914B-4BED-9DE3-01FFB4F27FC5}.Debug|Any CPU.Build.0 = Debug|Any CPU
		{93176BAE-914B-4BED-9DE3-01FFB4F27FC5}.Release|Any CPU.ActiveCfg = Release|Any CPU
		{93176BAE-914B-4BED-9DE3-01FFB4F27FC5}.Release|Any CPU.Build.0 = Release|Any CPU
		{75CC45E6-BF06-40F4-977D-10DCC05B2EFA}.Debug|Any CPU.ActiveCfg = Debug|Any CPU
		{75CC45E6-BF06-40F4-977D-10DCC05B2EFA}.Debug|Any CPU.Build.0 = Debug|Any CPU
		{75CC45E6-BF06-40F4-977D-10DCC05B2EFA}.Release|Any CPU.ActiveCfg = Release|Any CPU
		{75CC45E6-BF06-40F4-977D-10DCC05B2EFA}.Release|Any CPU.Build.0 = Release|Any CPU
		{2B0F467E-ABBD-4A51-BF38-D4F609DB6266}.Debug|Any CPU.ActiveCfg = Debug|Any CPU
		{2B0F467E-ABBD-4A51-BF38-D4F609DB6266}.Debug|Any CPU.Build.0 = Debug|Any CPU
		{2B0F467E-ABBD-4A51-BF38-D4F609DB6266}.Release|Any CPU.ActiveCfg = Release|Any CPU
		{2B0F467E-ABBD-4A51-BF38-D4F609DB6266}.Release|Any CPU.Build.0 = Release|Any CPU
		{43475E00-51B7-443D-BC2D-FC21F9D8A0B4}.Debug|Any CPU.ActiveCfg = Debug|Any CPU
		{43475E00-51B7-443D-BC2D-FC21F9D8A0B4}.Debug|Any CPU.Build.0 = Debug|Any CPU
		{43475E00-51B7-443D-BC2D-FC21F9D8A0B4}.Release|Any CPU.ActiveCfg = Release|Any CPU
		{43475E00-51B7-443D-BC2D-FC21F9D8A0B4}.Release|Any CPU.Build.0 = Release|Any CPU
		{B187DD15-092D-4B72-9807-50856607D237}.Debug|Any CPU.ActiveCfg = Debug|Any CPU
		{B187DD15-092D-4B72-9807-50856607D237}.Debug|Any CPU.Build.0 = Debug|Any CPU
		{B187DD15-092D-4B72-9807-50856607D237}.Release|Any CPU.ActiveCfg = Release|Any CPU
		{B187DD15-092D-4B72-9807-50856607D237}.Release|Any CPU.Build.0 = Release|Any CPU
		{8B2FD3EA-E72B-4A82-B182-B87EC0C15D07}.Debug|Any CPU.ActiveCfg = Debug|Any CPU
		{8B2FD3EA-E72B-4A82-B182-B87EC0C15D07}.Debug|Any CPU.Build.0 = Debug|Any CPU
		{8B2FD3EA-E72B-4A82-B182-B87EC0C15D07}.Release|Any CPU.ActiveCfg = Release|Any CPU
		{8B2FD3EA-E72B-4A82-B182-B87EC0C15D07}.Release|Any CPU.Build.0 = Release|Any CPU
		{375AF85D-8C81-47C6-BE5B-D0874D4971EA}.Debug|Any CPU.ActiveCfg = Debug|Any CPU
		{375AF85D-8C81-47C6-BE5B-D0874D4971EA}.Debug|Any CPU.Build.0 = Debug|Any CPU
		{375AF85D-8C81-47C6-BE5B-D0874D4971EA}.Release|Any CPU.ActiveCfg = Release|Any CPU
		{375AF85D-8C81-47C6-BE5B-D0874D4971EA}.Release|Any CPU.Build.0 = Release|Any CPU
		{54458B54-49CC-454C-82B2-4AED681D9D07}.Debug|Any CPU.ActiveCfg = Debug|Any CPU
		{54458B54-49CC-454C-82B2-4AED681D9D07}.Debug|Any CPU.Build.0 = Debug|Any CPU
		{54458B54-49CC-454C-82B2-4AED681D9D07}.Release|Any CPU.ActiveCfg = Release|Any CPU
		{54458B54-49CC-454C-82B2-4AED681D9D07}.Release|Any CPU.Build.0 = Release|Any CPU
		{6E059983-DE89-4D53-88F5-D9083BCE257F}.Debug|Any CPU.ActiveCfg = Debug|Any CPU
		{6E059983-DE89-4D53-88F5-D9083BCE257F}.Debug|Any CPU.Build.0 = Debug|Any CPU
		{6E059983-DE89-4D53-88F5-D9083BCE257F}.Release|Any CPU.ActiveCfg = Release|Any CPU
		{6E059983-DE89-4D53-88F5-D9083BCE257F}.Release|Any CPU.Build.0 = Release|Any CPU
		{23684403-7DA8-489A-8A1E-8056D7683E18}.Debug|Any CPU.ActiveCfg = Debug|Any CPU
		{23684403-7DA8-489A-8A1E-8056D7683E18}.Debug|Any CPU.Build.0 = Debug|Any CPU
		{23684403-7DA8-489A-8A1E-8056D7683E18}.Release|Any CPU.ActiveCfg = Release|Any CPU
		{23684403-7DA8-489A-8A1E-8056D7683E18}.Release|Any CPU.Build.0 = Release|Any CPU
		{AB7A10CB-2C7E-49CE-AA21-893772FF6546}.Debug|Any CPU.ActiveCfg = Debug|Any CPU
		{AB7A10CB-2C7E-49CE-AA21-893772FF6546}.Debug|Any CPU.Build.0 = Debug|Any CPU
		{AB7A10CB-2C7E-49CE-AA21-893772FF6546}.Release|Any CPU.ActiveCfg = Release|Any CPU
		{AB7A10CB-2C7E-49CE-AA21-893772FF6546}.Release|Any CPU.Build.0 = Release|Any CPU
		{B1D95CCD-0123-41D4-8CCB-9F834ED8D5C5}.Debug|Any CPU.ActiveCfg = Debug|Any CPU
		{B1D95CCD-0123-41D4-8CCB-9F834ED8D5C5}.Debug|Any CPU.Build.0 = Debug|Any CPU
		{B1D95CCD-0123-41D4-8CCB-9F834ED8D5C5}.Release|Any CPU.ActiveCfg = Release|Any CPU
		{B1D95CCD-0123-41D4-8CCB-9F834ED8D5C5}.Release|Any CPU.Build.0 = Release|Any CPU
		{DCDF58E8-F823-4F04-9F8C-E8076DC16A68}.Debug|Any CPU.ActiveCfg = Debug|Any CPU
		{DCDF58E8-F823-4F04-9F8C-E8076DC16A68}.Debug|Any CPU.Build.0 = Debug|Any CPU
		{DCDF58E8-F823-4F04-9F8C-E8076DC16A68}.Release|Any CPU.ActiveCfg = Release|Any CPU
		{DCDF58E8-F823-4F04-9F8C-E8076DC16A68}.Release|Any CPU.Build.0 = Release|Any CPU
		{83DDB126-A00B-4064-86E7-568322CA67EC}.Debug|Any CPU.ActiveCfg = Debug|Any CPU
		{83DDB126-A00B-4064-86E7-568322CA67EC}.Debug|Any CPU.Build.0 = Debug|Any CPU
		{83DDB126-A00B-4064-86E7-568322CA67EC}.Release|Any CPU.ActiveCfg = Release|Any CPU
		{83DDB126-A00B-4064-86E7-568322CA67EC}.Release|Any CPU.Build.0 = Release|Any CPU
		{0C734FB2-7D75-4FF3-B564-1E50E6280B14}.Debug|Any CPU.ActiveCfg = Debug|Any CPU
		{0C734FB2-7D75-4FF3-B564-1E50E6280B14}.Debug|Any CPU.Build.0 = Debug|Any CPU
		{0C734FB2-7D75-4FF3-B564-1E50E6280B14}.Release|Any CPU.ActiveCfg = Release|Any CPU
		{0C734FB2-7D75-4FF3-B564-1E50E6280B14}.Release|Any CPU.Build.0 = Release|Any CPU
	EndGlobalSection
	GlobalSection(SolutionProperties) = preSolution
		HideSolutionNode = FALSE
	EndGlobalSection
	GlobalSection(NestedProjects) = preSolution
		{E8AF8611-0EA4-4B19-BC48-87C57A87DC66} = {9B2AE124-6636-4DE9-83A3-70360DABD0C4}
		{C42CDE33-0878-4BA0-96F2-4CB7C8FDEAAD} = {9B2AE124-6636-4DE9-83A3-70360DABD0C4}
		{9961B80E-0718-4280-B2A0-271B003DE26B} = {9B2AE124-6636-4DE9-83A3-70360DABD0C4}
		{3B577468-6792-4EF1-9237-15180B176A24} = {9B2AE124-6636-4DE9-83A3-70360DABD0C4}
		{FA15685A-778A-4D2A-A2FE-27FAD2FFA65B} = {9B2AE124-6636-4DE9-83A3-70360DABD0C4}
		{80A84F62-1558-427B-BA74-B47AA8A665B5} = {C09CDAB0-6DD4-46E9-B7F3-3EF2A4741EA0}
		{9F3F9BFE-7B6A-4A7A-A6E6-8B517D611873} = {3A6B6931-A123-477A-9469-8B468B5385AF}
		{82C403AB-ED68-4084-9A1D-11334F9F08F9} = {9B2AE124-6636-4DE9-83A3-70360DABD0C4}
		{77C0AC02-C44B-49D5-B969-7D5305FC20A5} = {9B2AE124-6636-4DE9-83A3-70360DABD0C4}
		{4473DE19-E8D2-4B57-80A8-C8AAA2BFA20F} = {3A6B6931-A123-477A-9469-8B468B5385AF}
		{63B2A464-FBEA-42FB-8EFA-98AFA39FC920} = {9B2AE124-6636-4DE9-83A3-70360DABD0C4}
		{56FB261C-67AF-4715-9A46-4FA4FAB91B2C} = {9B2AE124-6636-4DE9-83A3-70360DABD0C4}
		{F6C5C676-AF05-46D5-A45D-442137B31898} = {3A6B6931-A123-477A-9469-8B468B5385AF}
		{F1EF1D26-8A6B-403E-85B0-250DF44A4A7C} = {3A6B6931-A123-477A-9469-8B468B5385AF}
		{F8EF381A-FE83-40B3-A63D-09D83851B0FB} = {10C0818D-9160-4B80-BB86-DDE925B64D43}
		{93176BAE-914B-4BED-9DE3-01FFB4F27FC5} = {9B2AE124-6636-4DE9-83A3-70360DABD0C4}
		{75CC45E6-BF06-40F4-977D-10DCC05B2EFA} = {C09CDAB0-6DD4-46E9-B7F3-3EF2A4741EA0}
		{2B0F467E-ABBD-4A51-BF38-D4F609DB6266} = {3A6B6931-A123-477A-9469-8B468B5385AF}
		{43475E00-51B7-443D-BC2D-FC21F9D8A0B4} = {9B2AE124-6636-4DE9-83A3-70360DABD0C4}
		{B187DD15-092D-4B72-9807-50856607D237} = {3A6B6931-A123-477A-9469-8B468B5385AF}
		{8B2FD3EA-E72B-4A82-B182-B87EC0C15D07} = {9B2AE124-6636-4DE9-83A3-70360DABD0C4}
		{375AF85D-8C81-47C6-BE5B-D0874D4971EA} = {3A6B6931-A123-477A-9469-8B468B5385AF}
		{54458B54-49CC-454C-82B2-4AED681D9D07} = {9B2AE124-6636-4DE9-83A3-70360DABD0C4}
		{6E059983-DE89-4D53-88F5-D9083BCE257F} = {3A6B6931-A123-477A-9469-8B468B5385AF}
		{23684403-7DA8-489A-8A1E-8056D7683E18} = {C09CDAB0-6DD4-46E9-B7F3-3EF2A4741EA0}
		{AB7A10CB-2C7E-49CE-AA21-893772FF6546} = {9B2AE124-6636-4DE9-83A3-70360DABD0C4}
		{B1D95CCD-0123-41D4-8CCB-9F834ED8D5C5} = {3A6B6931-A123-477A-9469-8B468B5385AF}
		{DCDF58E8-F823-4F04-9F8C-E8076DC16A68} = {3A6B6931-A123-477A-9469-8B468B5385AF}
		{83DDB126-A00B-4064-86E7-568322CA67EC} = {9B2AE124-6636-4DE9-83A3-70360DABD0C4}
		{0C734FB2-7D75-4FF3-B564-1E50E6280B14} = {3A6B6931-A123-477A-9469-8B468B5385AF}
	EndGlobalSection
	GlobalSection(ExtensibilityGlobals) = postSolution
		SolutionGuid = {2E70565D-94CF-40B4-BFE1-AC18D5F736AB}
	EndGlobalSection
EndGlobal