
Microsoft Visual Studio Solution File, Format Version 12.00
# Visual Studio 15
VisualStudioVersion = 15.0.27130.2024
MinimumVisualStudioVersion = 10.0.40219.1
Project("{9A19103F-16F7-4668-BE54-9A1E7A4F7556}") = "SkyWalking.NetworkProtocol", "src\SkyWalking.NetworkProtocol\SkyWalking.NetworkProtocol.csproj", "{54B9183A-928B-43E1-9851-10E2F1CCE61C}"
EndProject
Project("{2150E333-8FDC-42A3-9474-1A3956D46DE8}") = "src", "src", "{05BF0D4E-C824-4EC8-8330-36C1FC49910E}"
EndProject
Project("{2150E333-8FDC-42A3-9474-1A3956D46DE8}") = "solution items", "solution items", "{E38F0F6E-6E10-491D-8786-650F6A4B6698}"
	ProjectSection(SolutionItems) = preProject
		generate_protos.bat = generate_protos.bat
		generate_protos_linux.sh = generate_protos_linux.sh
		generate_protos_macos.sh = generate_protos_macos.sh
	EndProjectSection
EndProject
Project("{9A19103F-16F7-4668-BE54-9A1E7A4F7556}") = "SkyWalking.Abstractions", "src\SkyWalking.Abstractions\SkyWalking.Abstractions.csproj", "{C3860B5F-21D0-429F-8A00-B0C0F4573DF7}"
EndProject
Project("{9A19103F-16F7-4668-BE54-9A1E7A4F7556}") = "SkyWalking.Core", "src\SkyWalking.Core\SkyWalking.Core.csproj", "{FD84A10C-C962-4AEA-BA06-86F08EB048E6}"
EndProject
Project("{2150E333-8FDC-42A3-9474-1A3956D46DE8}") = "test", "test", "{613F0980-91ED-4064-8E8C-168582EF4AD7}"
EndProject
Project("{9A19103F-16F7-4668-BE54-9A1E7A4F7556}") = "SkyWalking.Core.Tests", "test\SkyWalking.Core.Tests\SkyWalking.Core.Tests.csproj", "{3915A2C2-7174-4651-A4F1-D45CD109916A}"
EndProject
Global
	GlobalSection(SolutionConfigurationPlatforms) = preSolution
		Debug|Any CPU = Debug|Any CPU
		Release|Any CPU = Release|Any CPU
	EndGlobalSection
	GlobalSection(ProjectConfigurationPlatforms) = postSolution
		{54B9183A-928B-43E1-9851-10E2F1CCE61C}.Debug|Any CPU.ActiveCfg = Debug|Any CPU
		{54B9183A-928B-43E1-9851-10E2F1CCE61C}.Debug|Any CPU.Build.0 = Debug|Any CPU
		{54B9183A-928B-43E1-9851-10E2F1CCE61C}.Release|Any CPU.ActiveCfg = Release|Any CPU
		{54B9183A-928B-43E1-9851-10E2F1CCE61C}.Release|Any CPU.Build.0 = Release|Any CPU
		{C3860B5F-21D0-429F-8A00-B0C0F4573DF7}.Debug|Any CPU.ActiveCfg = Debug|Any CPU
		{C3860B5F-21D0-429F-8A00-B0C0F4573DF7}.Debug|Any CPU.Build.0 = Debug|Any CPU
		{C3860B5F-21D0-429F-8A00-B0C0F4573DF7}.Release|Any CPU.ActiveCfg = Release|Any CPU
		{C3860B5F-21D0-429F-8A00-B0C0F4573DF7}.Release|Any CPU.Build.0 = Release|Any CPU
		{FD84A10C-C962-4AEA-BA06-86F08EB048E6}.Debug|Any CPU.ActiveCfg = Debug|Any CPU
		{FD84A10C-C962-4AEA-BA06-86F08EB048E6}.Debug|Any CPU.Build.0 = Debug|Any CPU
		{FD84A10C-C962-4AEA-BA06-86F08EB048E6}.Release|Any CPU.ActiveCfg = Release|Any CPU
		{FD84A10C-C962-4AEA-BA06-86F08EB048E6}.Release|Any CPU.Build.0 = Release|Any CPU
		{3915A2C2-7174-4651-A4F1-D45CD109916A}.Debug|Any CPU.ActiveCfg = Debug|Any CPU
		{3915A2C2-7174-4651-A4F1-D45CD109916A}.Debug|Any CPU.Build.0 = Debug|Any CPU
		{3915A2C2-7174-4651-A4F1-D45CD109916A}.Release|Any CPU.ActiveCfg = Release|Any CPU
		{3915A2C2-7174-4651-A4F1-D45CD109916A}.Release|Any CPU.Build.0 = Release|Any CPU
	EndGlobalSection
	GlobalSection(SolutionProperties) = preSolution
		HideSolutionNode = FALSE
	EndGlobalSection
	GlobalSection(NestedProjects) = preSolution
		{54B9183A-928B-43E1-9851-10E2F1CCE61C} = {05BF0D4E-C824-4EC8-8330-36C1FC49910E}
		{C3860B5F-21D0-429F-8A00-B0C0F4573DF7} = {05BF0D4E-C824-4EC8-8330-36C1FC49910E}
		{FD84A10C-C962-4AEA-BA06-86F08EB048E6} = {05BF0D4E-C824-4EC8-8330-36C1FC49910E}
		{3915A2C2-7174-4651-A4F1-D45CD109916A} = {613F0980-91ED-4064-8E8C-168582EF4AD7}
	EndGlobalSection
	GlobalSection(ExtensibilityGlobals) = postSolution
		SolutionGuid = {94C0DA2C-CCCB-4314-93A2-9809B5DD0583}
	EndGlobalSection
EndGlobal
