
Microsoft Visual Studio Solution File, Format Version 12.00
# Visual Studio 15
VisualStudioVersion = 15.0.27130.2024
MinimumVisualStudioVersion = 10.0.40219.1
Project("{9A19103F-16F7-4668-BE54-9A1E7A4F7556}") = "SkyWalking.NetworkProtocol", "src\SkyWalking.NetworkProtocol\SkyWalking.NetworkProtocol.csproj", "{54B9183A-928B-43E1-9851-10E2F1CCE61C}"
EndProject
Project("{2150E333-8FDC-42A3-9474-1A3956D46DE8}") = "src", "src", "{05BF0D4E-C824-4EC8-8330-36C1FC49910E}"
EndProject
Project("{2150E333-8FDC-42A3-9474-1A3956D46DE8}") = "solution items", "solution items", "{E38F0F6E-6E10-491D-8786-650F6A4B6698}"
	ProjectSection(SolutionItems) = preProject
		generate_protos.bat = generate_protos.bat
		generate_protos_linux.sh = generate_protos_linux.sh
		generate_protos_macos.sh = generate_protos_macos.sh
	EndProjectSection
EndProject
Project("{9A19103F-16F7-4668-BE54-9A1E7A4F7556}") = "SkyWalking.Abstractions", "src\SkyWalking.Abstractions\SkyWalking.Abstractions.csproj", "{C3860B5F-21D0-429F-8A00-B0C0F4573DF7}"
EndProject
Project("{9A19103F-16F7-4668-BE54-9A1E7A4F7556}") = "SkyWalking.Core", "src\SkyWalking.Core\SkyWalking.Core.csproj", "{FD84A10C-C962-4AEA-BA06-86F08EB048E6}"
EndProject
Project("{2150E333-8FDC-42A3-9474-1A3956D46DE8}") = "test", "test", "{613F0980-91ED-4064-8E8C-168582EF4AD7}"
EndProject
Project("{9A19103F-16F7-4668-BE54-9A1E7A4F7556}") = "SkyWalking.Core.Tests", "test\SkyWalking.Core.Tests\SkyWalking.Core.Tests.csproj", "{3915A2C2-7174-4651-A4F1-D45CD109916A}"
EndProject
Project("{9A19103F-16F7-4668-BE54-9A1E7A4F7556}") = "SkyWalking.NetworkProtocol.Trace", "src\SkyWalking.NetworkProtocol.Trace\SkyWalking.NetworkProtocol.Trace.csproj", "{50BE8184-EC7A-4257-AF54-764C0E61276F}"
EndProject
Project("{2150E333-8FDC-42A3-9474-1A3956D46DE8}") = "Components", "Components", "{79ED86A5-E9B9-49B2-9354-C911C079D03E}"
EndProject
Project("{2150E333-8FDC-42A3-9474-1A3956D46DE8}") = "Core", "Core", "{CBFF7EE0-69D7-4D6A-9BBD-8E567FF4D810}"
EndProject
Project("{9A19103F-16F7-4668-BE54-9A1E7A4F7556}") = "SkyWalking.AspNetCore", "src\SkyWalking.AspNetCore\SkyWalking.AspNetCore.csproj", "{D75B68C5-6788-4871-A63F-F6EB48FB0DC5}"
EndProject
Project("{2150E333-8FDC-42A3-9474-1A3956D46DE8}") = "sample", "sample", "{844CEACD-4C85-4B15-9E2B-892B01FDA4BB}"
EndProject
Project("{9A19103F-16F7-4668-BE54-9A1E7A4F7556}") = "SkyWalking.Sample.Backend", "sample\SkyWalking.Sample.Backend\SkyWalking.Sample.Backend.csproj", "{80A67B09-83F2-477F-907F-95FFF5B8FEAF}"
EndProject
Project("{9A19103F-16F7-4668-BE54-9A1E7A4F7556}") = "SkyWalking.Sample.Frontend", "sample\SkyWalking.Sample.Frontend\SkyWalking.Sample.Frontend.csproj", "{2B4E350E-A1E5-4B4A-A642-BCA6D3887E5A}"
EndProject
Project("{9A19103F-16F7-4668-BE54-9A1E7A4F7556}") = "SkyWalking.Diagnostics.HttpClient", "src\SkyWalking.Diagnostics.HttpClient\SkyWalking.Diagnostics.HttpClient.csproj", "{49DEFCA8-4289-4875-B6A5-35D84B3D2290}"
EndProject
Project("{9A19103F-16F7-4668-BE54-9A1E7A4F7556}") = "SkyWalking.Extensions.DependencyInjection", "src\SkyWalking.Extensions.DependencyInjection\SkyWalking.Extensions.DependencyInjection.csproj", "{BF5579ED-113C-4EE6-AE03-9A9CA590C924}"
EndProject
Project("{9A19103F-16F7-4668-BE54-9A1E7A4F7556}") = "SkyWalking.Diagnostics.CAP", "src\SkyWalking.Diagnostics.CAP\SkyWalking.Diagnostics.CAP.csproj", "{55621423-19C3-4928-8B45-666FA87BF6A2}"
EndProject
Project("{9A19103F-16F7-4668-BE54-9A1E7A4F7556}") = "SkyWalking.Diagnostics.HttpClient.Tests", "test\SkyWalking.Diagnostics.HttpClient.Tests\SkyWalking.Diagnostics.HttpClient.Tests.csproj", "{05E533B1-473F-48C0-95F7-B87061BE9834}"
EndProject
Project("{FAE04EC0-301F-11D3-BF4B-00C04F79EFBC}") = "SkyWalking.Diagnostics.EntityFrameworkCore", "src\SkyWalking.Diagnostics.EntityFrameworkCore\SkyWalking.Diagnostics.EntityFrameworkCore.csproj", "{CD334460-8E61-41EB-9762-62C6A342CACB}"
EndProject
Project("{FAE04EC0-301F-11D3-BF4B-00C04F79EFBC}") = "SkyWalking.Diagnostics.EntityFrameworkCore.Tests", "test\SkyWalking.Diagnostics.EntityFrameworkCore.Tests\SkyWalking.Diagnostics.EntityFrameworkCore.Tests.csproj", "{4CF91A8C-25C8-4BD8-A93D-3183AF0FE2E2}"
EndProject
Project("{FAE04EC0-301F-11D3-BF4B-00C04F79EFBC}") = "SkyWalking.Diagnostics.SqlClient", "src\SkyWalking.Diagnostics.SqlClient\SkyWalking.Diagnostics.SqlClient.csproj", "{44DFFDF7-5935-475A-825F-2C0298464117}"
EndProject
Global
	GlobalSection(SolutionConfigurationPlatforms) = preSolution
		Debug|Any CPU = Debug|Any CPU
		Release|Any CPU = Release|Any CPU
	EndGlobalSection
	GlobalSection(ProjectConfigurationPlatforms) = postSolution
		{54B9183A-928B-43E1-9851-10E2F1CCE61C}.Debug|Any CPU.ActiveCfg = Debug|Any CPU
		{54B9183A-928B-43E1-9851-10E2F1CCE61C}.Debug|Any CPU.Build.0 = Debug|Any CPU
		{54B9183A-928B-43E1-9851-10E2F1CCE61C}.Release|Any CPU.ActiveCfg = Release|Any CPU
		{54B9183A-928B-43E1-9851-10E2F1CCE61C}.Release|Any CPU.Build.0 = Release|Any CPU
		{C3860B5F-21D0-429F-8A00-B0C0F4573DF7}.Debug|Any CPU.ActiveCfg = Debug|Any CPU
		{C3860B5F-21D0-429F-8A00-B0C0F4573DF7}.Debug|Any CPU.Build.0 = Debug|Any CPU
		{C3860B5F-21D0-429F-8A00-B0C0F4573DF7}.Release|Any CPU.ActiveCfg = Release|Any CPU
		{C3860B5F-21D0-429F-8A00-B0C0F4573DF7}.Release|Any CPU.Build.0 = Release|Any CPU
		{FD84A10C-C962-4AEA-BA06-86F08EB048E6}.Debug|Any CPU.ActiveCfg = Debug|Any CPU
		{FD84A10C-C962-4AEA-BA06-86F08EB048E6}.Debug|Any CPU.Build.0 = Debug|Any CPU
		{FD84A10C-C962-4AEA-BA06-86F08EB048E6}.Release|Any CPU.ActiveCfg = Release|Any CPU
		{FD84A10C-C962-4AEA-BA06-86F08EB048E6}.Release|Any CPU.Build.0 = Release|Any CPU
		{3915A2C2-7174-4651-A4F1-D45CD109916A}.Debug|Any CPU.ActiveCfg = Debug|Any CPU
		{3915A2C2-7174-4651-A4F1-D45CD109916A}.Debug|Any CPU.Build.0 = Debug|Any CPU
		{3915A2C2-7174-4651-A4F1-D45CD109916A}.Release|Any CPU.ActiveCfg = Release|Any CPU
		{3915A2C2-7174-4651-A4F1-D45CD109916A}.Release|Any CPU.Build.0 = Release|Any CPU
		{50BE8184-EC7A-4257-AF54-764C0E61276F}.Debug|Any CPU.ActiveCfg = Debug|Any CPU
		{50BE8184-EC7A-4257-AF54-764C0E61276F}.Debug|Any CPU.Build.0 = Debug|Any CPU
		{50BE8184-EC7A-4257-AF54-764C0E61276F}.Release|Any CPU.ActiveCfg = Release|Any CPU
		{50BE8184-EC7A-4257-AF54-764C0E61276F}.Release|Any CPU.Build.0 = Release|Any CPU
		{D75B68C5-6788-4871-A63F-F6EB48FB0DC5}.Debug|Any CPU.ActiveCfg = Debug|Any CPU
		{D75B68C5-6788-4871-A63F-F6EB48FB0DC5}.Debug|Any CPU.Build.0 = Debug|Any CPU
		{D75B68C5-6788-4871-A63F-F6EB48FB0DC5}.Release|Any CPU.ActiveCfg = Release|Any CPU
		{D75B68C5-6788-4871-A63F-F6EB48FB0DC5}.Release|Any CPU.Build.0 = Release|Any CPU
		{80A67B09-83F2-477F-907F-95FFF5B8FEAF}.Debug|Any CPU.ActiveCfg = Debug|Any CPU
		{80A67B09-83F2-477F-907F-95FFF5B8FEAF}.Debug|Any CPU.Build.0 = Debug|Any CPU
		{80A67B09-83F2-477F-907F-95FFF5B8FEAF}.Release|Any CPU.ActiveCfg = Release|Any CPU
		{80A67B09-83F2-477F-907F-95FFF5B8FEAF}.Release|Any CPU.Build.0 = Release|Any CPU
		{2B4E350E-A1E5-4B4A-A642-BCA6D3887E5A}.Debug|Any CPU.ActiveCfg = Debug|Any CPU
		{2B4E350E-A1E5-4B4A-A642-BCA6D3887E5A}.Debug|Any CPU.Build.0 = Debug|Any CPU
		{2B4E350E-A1E5-4B4A-A642-BCA6D3887E5A}.Release|Any CPU.ActiveCfg = Release|Any CPU
		{2B4E350E-A1E5-4B4A-A642-BCA6D3887E5A}.Release|Any CPU.Build.0 = Release|Any CPU
		{49DEFCA8-4289-4875-B6A5-35D84B3D2290}.Debug|Any CPU.ActiveCfg = Debug|Any CPU
		{49DEFCA8-4289-4875-B6A5-35D84B3D2290}.Debug|Any CPU.Build.0 = Debug|Any CPU
		{49DEFCA8-4289-4875-B6A5-35D84B3D2290}.Release|Any CPU.ActiveCfg = Release|Any CPU
		{49DEFCA8-4289-4875-B6A5-35D84B3D2290}.Release|Any CPU.Build.0 = Release|Any CPU
		{BF5579ED-113C-4EE6-AE03-9A9CA590C924}.Debug|Any CPU.ActiveCfg = Debug|Any CPU
		{BF5579ED-113C-4EE6-AE03-9A9CA590C924}.Debug|Any CPU.Build.0 = Debug|Any CPU
		{BF5579ED-113C-4EE6-AE03-9A9CA590C924}.Release|Any CPU.ActiveCfg = Release|Any CPU
		{BF5579ED-113C-4EE6-AE03-9A9CA590C924}.Release|Any CPU.Build.0 = Release|Any CPU
		{55621423-19C3-4928-8B45-666FA87BF6A2}.Debug|Any CPU.ActiveCfg = Debug|Any CPU
		{55621423-19C3-4928-8B45-666FA87BF6A2}.Debug|Any CPU.Build.0 = Debug|Any CPU
		{55621423-19C3-4928-8B45-666FA87BF6A2}.Release|Any CPU.ActiveCfg = Release|Any CPU
		{55621423-19C3-4928-8B45-666FA87BF6A2}.Release|Any CPU.Build.0 = Release|Any CPU
		{05E533B1-473F-48C0-95F7-B87061BE9834}.Debug|Any CPU.ActiveCfg = Debug|Any CPU
		{05E533B1-473F-48C0-95F7-B87061BE9834}.Debug|Any CPU.Build.0 = Debug|Any CPU
		{05E533B1-473F-48C0-95F7-B87061BE9834}.Release|Any CPU.ActiveCfg = Release|Any CPU
		{05E533B1-473F-48C0-95F7-B87061BE9834}.Release|Any CPU.Build.0 = Release|Any CPU
		{CD334460-8E61-41EB-9762-62C6A342CACB}.Debug|Any CPU.ActiveCfg = Debug|Any CPU
		{CD334460-8E61-41EB-9762-62C6A342CACB}.Debug|Any CPU.Build.0 = Debug|Any CPU
		{CD334460-8E61-41EB-9762-62C6A342CACB}.Release|Any CPU.ActiveCfg = Release|Any CPU
		{CD334460-8E61-41EB-9762-62C6A342CACB}.Release|Any CPU.Build.0 = Release|Any CPU
		{4CF91A8C-25C8-4BD8-A93D-3183AF0FE2E2}.Debug|Any CPU.ActiveCfg = Debug|Any CPU
		{4CF91A8C-25C8-4BD8-A93D-3183AF0FE2E2}.Debug|Any CPU.Build.0 = Debug|Any CPU
		{4CF91A8C-25C8-4BD8-A93D-3183AF0FE2E2}.Release|Any CPU.ActiveCfg = Release|Any CPU
		{4CF91A8C-25C8-4BD8-A93D-3183AF0FE2E2}.Release|Any CPU.Build.0 = Release|Any CPU
		{44DFFDF7-5935-475A-825F-2C0298464117}.Debug|Any CPU.ActiveCfg = Debug|Any CPU
		{44DFFDF7-5935-475A-825F-2C0298464117}.Debug|Any CPU.Build.0 = Debug|Any CPU
		{44DFFDF7-5935-475A-825F-2C0298464117}.Release|Any CPU.ActiveCfg = Release|Any CPU
		{44DFFDF7-5935-475A-825F-2C0298464117}.Release|Any CPU.Build.0 = Release|Any CPU
	EndGlobalSection
	GlobalSection(SolutionProperties) = preSolution
		HideSolutionNode = FALSE
	EndGlobalSection
	GlobalSection(NestedProjects) = preSolution
		{54B9183A-928B-43E1-9851-10E2F1CCE61C} = {CBFF7EE0-69D7-4D6A-9BBD-8E567FF4D810}
		{C3860B5F-21D0-429F-8A00-B0C0F4573DF7} = {CBFF7EE0-69D7-4D6A-9BBD-8E567FF4D810}
		{FD84A10C-C962-4AEA-BA06-86F08EB048E6} = {CBFF7EE0-69D7-4D6A-9BBD-8E567FF4D810}
		{3915A2C2-7174-4651-A4F1-D45CD109916A} = {613F0980-91ED-4064-8E8C-168582EF4AD7}
		{50BE8184-EC7A-4257-AF54-764C0E61276F} = {CBFF7EE0-69D7-4D6A-9BBD-8E567FF4D810}
		{79ED86A5-E9B9-49B2-9354-C911C079D03E} = {05BF0D4E-C824-4EC8-8330-36C1FC49910E}
		{CBFF7EE0-69D7-4D6A-9BBD-8E567FF4D810} = {05BF0D4E-C824-4EC8-8330-36C1FC49910E}
		{D75B68C5-6788-4871-A63F-F6EB48FB0DC5} = {79ED86A5-E9B9-49B2-9354-C911C079D03E}
		{80A67B09-83F2-477F-907F-95FFF5B8FEAF} = {844CEACD-4C85-4B15-9E2B-892B01FDA4BB}
		{2B4E350E-A1E5-4B4A-A642-BCA6D3887E5A} = {844CEACD-4C85-4B15-9E2B-892B01FDA4BB}
		{49DEFCA8-4289-4875-B6A5-35D84B3D2290} = {79ED86A5-E9B9-49B2-9354-C911C079D03E}
		{BF5579ED-113C-4EE6-AE03-9A9CA590C924} = {79ED86A5-E9B9-49B2-9354-C911C079D03E}
		{55621423-19C3-4928-8B45-666FA87BF6A2} = {79ED86A5-E9B9-49B2-9354-C911C079D03E}
		{05E533B1-473F-48C0-95F7-B87061BE9834} = {613F0980-91ED-4064-8E8C-168582EF4AD7}
		{CD334460-8E61-41EB-9762-62C6A342CACB} = {79ED86A5-E9B9-49B2-9354-C911C079D03E}
		{4CF91A8C-25C8-4BD8-A93D-3183AF0FE2E2} = {613F0980-91ED-4064-8E8C-168582EF4AD7}
		{44DFFDF7-5935-475A-825F-2C0298464117} = {79ED86A5-E9B9-49B2-9354-C911C079D03E}
	EndGlobalSection
	GlobalSection(ExtensibilityGlobals) = postSolution
		SolutionGuid = {94C0DA2C-CCCB-4314-93A2-9809B5DD0583}
	EndGlobalSection
EndGlobal
